// !$*UTF8*$!
{
	archiveVersion = 1;
	classes = {
	};
	objectVersion = 48;
	objects = {

/* Begin PBXBuildFile section */
		7C67C93B20065F5800F38066 /* tronGrid.png in Resources */ = {isa = PBXBuildFile; fileRef = 7C67C93A20065F5800F38066 /* tronGrid.png */; };
		7C67C93D2006605400F38066 /* Plane.swift in Sources */ = {isa = PBXBuildFile; fileRef = 7C67C93C2006605400F38066 /* Plane.swift */; };
		7C720FF22007B10000D3589F /* regularOldCar.dae in Resources */ = {isa = PBXBuildFile; fileRef = 7C720FF12007B10000D3589F /* regularOldCar.dae */; };
		7CC1DA2B2002E0E1002AC1F2 /* AppDelegate.swift in Sources */ = {isa = PBXBuildFile; fileRef = 7CC1DA2A2002E0E1002AC1F2 /* AppDelegate.swift */; };
		7CC1DA2F2002E0E1002AC1F2 /* ViewController.swift in Sources */ = {isa = PBXBuildFile; fileRef = 7CC1DA2E2002E0E1002AC1F2 /* ViewController.swift */; };
		7CC1DA322002E0E1002AC1F2 /* Main.storyboard in Resources */ = {isa = PBXBuildFile; fileRef = 7CC1DA302002E0E1002AC1F2 /* Main.storyboard */; };
		7CC1DA342002E0E1002AC1F2 /* Assets.xcassets in Resources */ = {isa = PBXBuildFile; fileRef = 7CC1DA332002E0E1002AC1F2 /* Assets.xcassets */; };
		7CC1DA372002E0E1002AC1F2 /* LaunchScreen.storyboard in Resources */ = {isa = PBXBuildFile; fileRef = 7CC1DA352002E0E1002AC1F2 /* LaunchScreen.storyboard */; };
		7CC1DA452002E22A002AC1F2 /* Default-568h@2x.png in Resources */ = {isa = PBXBuildFile; fileRef = 7CC1DA442002E22A002AC1F2 /* Default-568h@2x.png */; };
		7CC673122003E01A0003F26A /* art.scnassets in Resources */ = {isa = PBXBuildFile; fileRef = 7CC673112003E01A0003F26A /* art.scnassets */; };
/* End PBXBuildFile section */

/* Begin PBXFileReference section */
		7C67C93A20065F5800F38066 /* tronGrid.png */ = {isa = PBXFileReference; lastKnownFileType = image.png; path = tronGrid.png; sourceTree = "<group>"; };
		7C67C93C2006605400F38066 /* Plane.swift */ = {isa = PBXFileReference; lastKnownFileType = sourcecode.swift; path = Plane.swift; sourceTree = "<group>"; };
		7C720FF12007B10000D3589F /* regularOldCar.dae */ = {isa = PBXFileReference; fileEncoding = 4; lastKnownFileType = text.xml.dae; path = regularOldCar.dae; sourceTree = "<group>"; };
		7CC1DA272002E0E1002AC1F2 /* ARKitDobson.app */ = {isa = PBXFileReference; explicitFileType = wrapper.application; includeInIndex = 0; path = ARKitDobson.app; sourceTree = BUILT_PRODUCTS_DIR; };
		7CC1DA2A2002E0E1002AC1F2 /* AppDelegate.swift */ = {isa = PBXFileReference; lastKnownFileType = sourcecode.swift; path = AppDelegate.swift; sourceTree = "<group>"; };
		7CC1DA2E2002E0E1002AC1F2 /* ViewController.swift */ = {isa = PBXFileReference; lastKnownFileType = sourcecode.swift; path = ViewController.swift; sourceTree = "<group>"; };
		7CC1DA312002E0E1002AC1F2 /* Base */ = {isa = PBXFileReference; lastKnownFileType = file.storyboard; name = Base; path = Base.lproj/Main.storyboard; sourceTree = "<group>"; };
		7CC1DA332002E0E1002AC1F2 /* Assets.xcassets */ = {isa = PBXFileReference; lastKnownFileType = folder.assetcatalog; path = Assets.xcassets; sourceTree = "<group>"; };
		7CC1DA362002E0E1002AC1F2 /* Base */ = {isa = PBXFileReference; lastKnownFileType = file.storyboard; name = Base; path = Base.lproj/LaunchScreen.storyboard; sourceTree = "<group>"; };
		7CC1DA382002E0E1002AC1F2 /* Info.plist */ = {isa = PBXFileReference; lastKnownFileType = text.plist.xml; path = Info.plist; sourceTree = "<group>"; };
		7CC1DA442002E22A002AC1F2 /* Default-568h@2x.png */ = {isa = PBXFileReference; lastKnownFileType = image.png; path = "Default-568h@2x.png"; sourceTree = "<group>"; };
		7CC673112003E01A0003F26A /* art.scnassets */ = {isa = PBXFileReference; lastKnownFileType = wrapper.scnassets; path = art.scnassets; sourceTree = "<group>"; };
/* End PBXFileReference section */

/* Begin PBXFrameworksBuildPhase section */
		7CC1DA242002E0E1002AC1F2 /* Frameworks */ = {
			isa = PBXFrameworksBuildPhase;
			buildActionMask = 2147483647;
			files = (
			);
			runOnlyForDeploymentPostprocessing = 0;
		};
/* End PBXFrameworksBuildPhase section */

/* Begin PBXGroup section */
		7C67C93E2006612F00F38066 /* Model */ = {
			isa = PBXGroup;
			children = (
				7C67C93C2006605400F38066 /* Plane.swift */,
			);
			path = Model;
			sourceTree = "<group>";
		};
		7CC1DA1E2002E0E1002AC1F2 = {
			isa = PBXGroup;
			children = (
				7CC1DA292002E0E1002AC1F2 /* ARKitDobson */,
				7CC1DA282002E0E1002AC1F2 /* Products */,
			);
			sourceTree = "<group>";
		};
		7CC1DA282002E0E1002AC1F2 /* Products */ = {
			isa = PBXGroup;
			children = (
				7CC1DA272002E0E1002AC1F2 /* ARKitDobson.app */,
			);
			name = Products;
			sourceTree = "<group>";
		};
		7CC1DA292002E0E1002AC1F2 /* ARKitDobson */ = {
			isa = PBXGroup;
			children = (
				7CC1DA402002E140002AC1F2 /* Assets */,
				7C67C93E2006612F00F38066 /* Model */,
				7CC1DA412002E17A002AC1F2 /* View */,
				7CC1DA432002E1C6002AC1F2 /* Controller */,
				7CC1DA3F2002E129002AC1F2 /* Utilities */,
			);
			path = ARKitDobson;
			sourceTree = "<group>";
		};
		7CC1DA3F2002E129002AC1F2 /* Utilities */ = {
			isa = PBXGroup;
			children = (
				7CC1DA2A2002E0E1002AC1F2 /* AppDelegate.swift */,
				7CC1DA382002E0E1002AC1F2 /* Info.plist */,
			);
			path = Utilities;
			sourceTree = "<group>";
		};
		7CC1DA402002E140002AC1F2 /* Assets */ = {
			isa = PBXGroup;
			children = (
				7CC673112003E01A0003F26A /* art.scnassets */,
				7CC1DA332002E0E1002AC1F2 /* Assets.xcassets */,
				7CC1DA442002E22A002AC1F2 /* Default-568h@2x.png */,
				7C67C93A20065F5800F38066 /* tronGrid.png */,
				7C720FF12007B10000D3589F /* regularOldCar.dae */,
			);
			path = Assets;
			sourceTree = "<group>";
		};
		7CC1DA412002E17A002AC1F2 /* View */ = {
			isa = PBXGroup;
			children = (
				7CC1DA422002E183002AC1F2 /* Storyboards */,
			);
			path = View;
			sourceTree = "<group>";
		};
		7CC1DA422002E183002AC1F2 /* Storyboards */ = {
			isa = PBXGroup;
			children = (
				7CC1DA302002E0E1002AC1F2 /* Main.storyboard */,
				7CC1DA352002E0E1002AC1F2 /* LaunchScreen.storyboard */,
			);
			path = Storyboards;
			sourceTree = "<group>";
		};
		7CC1DA432002E1C6002AC1F2 /* Controller */ = {
			isa = PBXGroup;
			children = (
				7CC1DA2E2002E0E1002AC1F2 /* ViewController.swift */,
			);
			path = Controller;
			sourceTree = "<group>";
		};
/* End PBXGroup section */

/* Begin PBXNativeTarget section */
		7CC1DA262002E0E1002AC1F2 /* ARKitDobson */ = {
			isa = PBXNativeTarget;
			buildConfigurationList = 7CC1DA3B2002E0E1002AC1F2 /* Build configuration list for PBXNativeTarget "ARKitDobson" */;
			buildPhases = (
				7CC1DA232002E0E1002AC1F2 /* Sources */,
				7CC1DA242002E0E1002AC1F2 /* Frameworks */,
				7CC1DA252002E0E1002AC1F2 /* Resources */,
			);
			buildRules = (
			);
			dependencies = (
			);
			name = ARKitDobson;
			productName = ARKitDobson;
			productReference = 7CC1DA272002E0E1002AC1F2 /* ARKitDobson.app */;
			productType = "com.apple.product-type.application";
		};
/* End PBXNativeTarget section */

/* Begin PBXProject section */
		7CC1DA1F2002E0E1002AC1F2 /* Project object */ = {
			isa = PBXProject;
			attributes = {
				LastSwiftUpdateCheck = 0920;
				LastUpgradeCheck = 0920;
				ORGANIZATIONNAME = "Jacob Dobson";
				TargetAttributes = {
					7CC1DA262002E0E1002AC1F2 = {
						CreatedOnToolsVersion = 9.2;
						ProvisioningStyle = Automatic;
					};
				};
			};
			buildConfigurationList = 7CC1DA222002E0E1002AC1F2 /* Build configuration list for PBXProject "ARKitDobson" */;
			compatibilityVersion = "Xcode 8.0";
			developmentRegion = en;
			hasScannedForEncodings = 0;
			knownRegions = (
				en,
				Base,
			);
			mainGroup = 7CC1DA1E2002E0E1002AC1F2;
			productRefGroup = 7CC1DA282002E0E1002AC1F2 /* Products */;
			projectDirPath = "";
			projectRoot = "";
			targets = (
				7CC1DA262002E0E1002AC1F2 /* ARKitDobson */,
			);
		};
/* End PBXProject section */

/* Begin PBXResourcesBuildPhase section */
		7CC1DA252002E0E1002AC1F2 /* Resources */ = {
			isa = PBXResourcesBuildPhase;
			buildActionMask = 2147483647;
			files = (
				7CC1DA372002E0E1002AC1F2 /* LaunchScreen.storyboard in Resources */,
				7CC1DA342002E0E1002AC1F2 /* Assets.xcassets in Resources */,
				7CC673122003E01A0003F26A /* art.scnassets in Resources */,
				7CC1DA452002E22A002AC1F2 /* Default-568h@2x.png in Resources */,
				7C67C93B20065F5800F38066 /* tronGrid.png in Resources */,
				7C720FF22007B10000D3589F /* regularOldCar.dae in Resources */,
				7CC1DA322002E0E1002AC1F2 /* Main.storyboard in Resources */,
			);
			runOnlyForDeploymentPostprocessing = 0;
		};
/* End PBXResourcesBuildPhase section */

/* Begin PBXSourcesBuildPhase section */
		7CC1DA232002E0E1002AC1F2 /* Sources */ = {
			isa = PBXSourcesBuildPhase;
			buildActionMask = 2147483647;
			files = (
				7CC1DA2F2002E0E1002AC1F2 /* ViewController.swift in Sources */,
				7C67C93D2006605400F38066 /* Plane.swift in Sources */,
				7CC1DA2B2002E0E1002AC1F2 /* AppDelegate.swift in Sources */,
			);
			runOnlyForDeploymentPostprocessing = 0;
		};
/* End PBXSourcesBuildPhase section */

/* Begin PBXVariantGroup section */
		7CC1DA302002E0E1002AC1F2 /* Main.storyboard */ = {
			isa = PBXVariantGroup;
			children = (
				7CC1DA312002E0E1002AC1F2 /* Base */,
			);
			name = Main.storyboard;
			sourceTree = "<group>";
		};
		7CC1DA352002E0E1002AC1F2 /* LaunchScreen.storyboard */ = {
			isa = PBXVariantGroup;
			children = (
				7CC1DA362002E0E1002AC1F2 /* Base */,
			);
			name = LaunchScreen.storyboard;
			sourceTree = "<group>";
		};
/* End PBXVariantGroup section */

/* Begin XCBuildConfiguration section */
		7CC1DA392002E0E1002AC1F2 /* Debug */ = {
			isa = XCBuildConfiguration;
			buildSettings = {
				ALWAYS_SEARCH_USER_PATHS = NO;
				CLANG_ANALYZER_NONNULL = YES;
				CLANG_ANALYZER_NUMBER_OBJECT_CONVERSION = YES_AGGRESSIVE;
				CLANG_CXX_LANGUAGE_STANDARD = "gnu++14";
				CLANG_CXX_LIBRARY = "libc++";
				CLANG_ENABLE_MODULES = YES;
				CLANG_ENABLE_OBJC_ARC = YES;
				CLANG_WARN_BLOCK_CAPTURE_AUTORELEASING = YES;
				CLANG_WARN_BOOL_CONVERSION = YES;
				CLANG_WARN_COMMA = YES;
				CLANG_WARN_CONSTANT_CONVERSION = YES;
				CLANG_WARN_DIRECT_OBJC_ISA_USAGE = YES_ERROR;
				CLANG_WARN_DOCUMENTATION_COMMENTS = YES;
				CLANG_WARN_EMPTY_BODY = YES;
				CLANG_WARN_ENUM_CONVERSION = YES;
				CLANG_WARN_INFINITE_RECURSION = YES;
				CLANG_WARN_INT_CONVERSION = YES;
				CLANG_WARN_NON_LITERAL_NULL_CONVERSION = YES;
				CLANG_WARN_OBJC_LITERAL_CONVERSION = YES;
				CLANG_WARN_OBJC_ROOT_CLASS = YES_ERROR;
				CLANG_WARN_RANGE_LOOP_ANALYSIS = YES;
				CLANG_WARN_STRICT_PROTOTYPES = YES;
				CLANG_WARN_SUSPICIOUS_MOVE = YES;
				CLANG_WARN_UNGUARDED_AVAILABILITY = YES_AGGRESSIVE;
				CLANG_WARN_UNREACHABLE_CODE = YES;
				CLANG_WARN__DUPLICATE_METHOD_MATCH = YES;
				CODE_SIGN_IDENTITY = "iPhone Developer";
				COPY_PHASE_STRIP = NO;
				DEBUG_INFORMATION_FORMAT = dwarf;
				ENABLE_STRICT_OBJC_MSGSEND = YES;
				ENABLE_TESTABILITY = YES;
				GCC_C_LANGUAGE_STANDARD = gnu11;
				GCC_DYNAMIC_NO_PIC = NO;
				GCC_NO_COMMON_BLOCKS = YES;
				GCC_OPTIMIZATION_LEVEL = 0;
				GCC_PREPROCESSOR_DEFINITIONS = (
					"DEBUG=1",
					"$(inherited)",
				);
				GCC_WARN_64_TO_32_BIT_CONVERSION = YES;
				GCC_WARN_ABOUT_RETURN_TYPE = YES_ERROR;
				GCC_WARN_UNDECLARED_SELECTOR = YES;
				GCC_WARN_UNINITIALIZED_AUTOS = YES_AGGRESSIVE;
				GCC_WARN_UNUSED_FUNCTION = YES;
				GCC_WARN_UNUSED_VARIABLE = YES;
				IPHONEOS_DEPLOYMENT_TARGET = 11.0;
				MTL_ENABLE_DEBUG_INFO = YES;
				ONLY_ACTIVE_ARCH = YES;
				SDKROOT = iphoneos;
				SWIFT_ACTIVE_COMPILATION_CONDITIONS = DEBUG;
				SWIFT_OPTIMIZATION_LEVEL = "-Onone";
			};
			name = Debug;
		};
		7CC1DA3A2002E0E1002AC1F2 /* Release */ = {
			isa = XCBuildConfiguration;
			buildSettings = {
				ALWAYS_SEARCH_USER_PATHS = NO;
				CLANG_ANALYZER_NONNULL = YES;
				CLANG_ANALYZER_NUMBER_OBJECT_CONVERSION = YES_AGGRESSIVE;
				CLANG_CXX_LANGUAGE_STANDARD = "gnu++14";
				CLANG_CXX_LIBRARY = "libc++";
				CLANG_ENABLE_MODULES = YES;
				CLANG_ENABLE_OBJC_ARC = YES;
				CLANG_WARN_BLOCK_CAPTURE_AUTORELEASING = YES;
				CLANG_WARN_BOOL_CONVERSION = YES;
				CLANG_WARN_COMMA = YES;
				CLANG_WARN_CONSTANT_CONVERSION = YES;
				CLANG_WARN_DIRECT_OBJC_ISA_USAGE = YES_ERROR;
				CLANG_WARN_DOCUMENTATION_COMMENTS = YES;
				CLANG_WARN_EMPTY_BODY = YES;
				CLANG_WARN_ENUM_CONVERSION = YES;
				CLANG_WARN_INFINITE_RECURSION = YES;
				CLANG_WARN_INT_CONVERSION = YES;
				CLANG_WARN_NON_LITERAL_NULL_CONVERSION = YES;
				CLANG_WARN_OBJC_LITERAL_CONVERSION = YES;
				CLANG_WARN_OBJC_ROOT_CLASS = YES_ERROR;
				CLANG_WARN_RANGE_LOOP_ANALYSIS = YES;
				CLANG_WARN_STRICT_PROTOTYPES = YES;
				CLANG_WARN_SUSPICIOUS_MOVE = YES;
				CLANG_WARN_UNGUARDED_AVAILABILITY = YES_AGGRESSIVE;
				CLANG_WARN_UNREACHABLE_CODE = YES;
				CLANG_WARN__DUPLICATE_METHOD_MATCH = YES;
				CODE_SIGN_IDENTITY = "iPhone Developer";
				COPY_PHASE_STRIP = NO;
				DEBUG_INFORMATION_FORMAT = "dwarf-with-dsym";
				ENABLE_NS_ASSERTIONS = NO;
				ENABLE_STRICT_OBJC_MSGSEND = YES;
				GCC_C_LANGUAGE_STANDARD = gnu11;
				GCC_NO_COMMON_BLOCKS = YES;
				GCC_WARN_64_TO_32_BIT_CONVERSION = YES;
				GCC_WARN_ABOUT_RETURN_TYPE = YES_ERROR;
				GCC_WARN_UNDECLARED_SELECTOR = YES;
				GCC_WARN_UNINITIALIZED_AUTOS = YES_AGGRESSIVE;
				GCC_WARN_UNUSED_FUNCTION = YES;
				GCC_WARN_UNUSED_VARIABLE = YES;
				IPHONEOS_DEPLOYMENT_TARGET = 11.0;
				MTL_ENABLE_DEBUG_INFO = NO;
				SDKROOT = iphoneos;
				SWIFT_OPTIMIZATION_LEVEL = "-Owholemodule";
				VALIDATE_PRODUCT = YES;
			};
			name = Release;
		};
		7CC1DA3C2002E0E1002AC1F2 /* Debug */ = {
			isa = XCBuildConfiguration;
			buildSettings = {
				ASSETCATALOG_COMPILER_APPICON_NAME = AppIcon;
				CODE_SIGN_STYLE = Automatic;
				DEVELOPMENT_TEAM = HYPCVH7NE6;
				INFOPLIST_FILE = "$(SRCROOT)/ARKitDobson/Utilities/Info.plist";
				IPHONEOS_DEPLOYMENT_TARGET = 11.0;
				LD_RUNPATH_SEARCH_PATHS = "$(inherited) @executable_path/Frameworks";
				PRODUCT_BUNDLE_IDENTIFIER = com.JacobDobson.ARKitDobson;
				PRODUCT_NAME = "$(TARGET_NAME)";
				SWIFT_VERSION = 4.0;
				TARGETED_DEVICE_FAMILY = "1,2";
			};
			name = Debug;
		};
		7CC1DA3D2002E0E1002AC1F2 /* Release */ = {
			isa = XCBuildConfiguration;
			buildSettings = {
				ASSETCATALOG_COMPILER_APPICON_NAME = AppIcon;
				CODE_SIGN_STYLE = Automatic;
				DEVELOPMENT_TEAM = HYPCVH7NE6;
				INFOPLIST_FILE = "$(SRCROOT)/ARKitDobson/Utilities/Info.plist";
				IPHONEOS_DEPLOYMENT_TARGET = 11.0;
				LD_RUNPATH_SEARCH_PATHS = "$(inherited) @executable_path/Frameworks";
				PRODUCT_BUNDLE_IDENTIFIER = com.JacobDobson.ARKitDobson;
				PRODUCT_NAME = "$(TARGET_NAME)";
				SWIFT_VERSION = 4.0;
				TARGETED_DEVICE_FAMILY = "1,2";
			};
			name = Release;
		};
/* End XCBuildConfiguration section */

/* Begin XCConfigurationList section */
		7CC1DA222002E0E1002AC1F2 /* Build configuration list for PBXProject "ARKitDobson" */ = {
			isa = XCConfigurationList;
			buildConfigurations = (
				7CC1DA392002E0E1002AC1F2 /* Debug */,
				7CC1DA3A2002E0E1002AC1F2 /* Release */,
			);
			defaultConfigurationIsVisible = 0;
			defaultConfigurationName = Release;
		};
		7CC1DA3B2002E0E1002AC1F2 /* Build configuration list for PBXNativeTarget "ARKitDobson" */ = {
			isa = XCConfigurationList;
			buildConfigurations = (
				7CC1DA3C2002E0E1002AC1F2 /* Debug */,
				7CC1DA3D2002E0E1002AC1F2 /* Release */,
			);
			defaultConfigurationIsVisible = 0;
			defaultConfigurationName = Release;
		};
/* End XCConfigurationList section */
	};
	rootObject = 7CC1DA1F2002E0E1002AC1F2 /* Project object */;
}
