// !$*UTF8*$!
{
	archiveVersion = 1;
	classes = {
	};
	objectVersion = 48;
	objects = {

/* Begin PBXBuildFile section */
		7C6CA1401FFE69B70033F984 /* AppDelegate.swift in Sources */ = {isa = PBXBuildFile; fileRef = 7C6CA13F1FFE69B70033F984 /* AppDelegate.swift */; };
		7C6CA1421FFE69B70033F984 /* art.scnassets in Resources */ = {isa = PBXBuildFile; fileRef = 7C6CA1411FFE69B70033F984 /* art.scnassets */; };
		7C6CA1441FFE69B70033F984 /* ViewController.swift in Sources */ = {isa = PBXBuildFile; fileRef = 7C6CA1431FFE69B70033F984 /* ViewController.swift */; };
		7C6CA1471FFE69B70033F984 /* Main.storyboard in Resources */ = {isa = PBXBuildFile; fileRef = 7C6CA1451FFE69B70033F984 /* Main.storyboard */; };
		7C6CA1491FFE69B70033F984 /* Assets.xcassets in Resources */ = {isa = PBXBuildFile; fileRef = 7C6CA1481FFE69B70033F984 /* Assets.xcassets */; };
		7C6CA14C1FFE69B70033F984 /* LaunchScreen.storyboard in Resources */ = {isa = PBXBuildFile; fileRef = 7C6CA14A1FFE69B70033F984 /* LaunchScreen.storyboard */; };
/* End PBXBuildFile section */

/* Begin PBXFileReference section */
		7C6CA13C1FFE69B70033F984 /* MoveBoxUpWithJosh.app */ = {isa = PBXFileReference; explicitFileType = wrapper.application; includeInIndex = 0; path = MoveBoxUpWithJosh.app; sourceTree = BUILT_PRODUCTS_DIR; };
		7C6CA13F1FFE69B70033F984 /* AppDelegate.swift */ = {isa = PBXFileReference; lastKnownFileType = sourcecode.swift; path = AppDelegate.swift; sourceTree = "<group>"; };
		7C6CA1411FFE69B70033F984 /* art.scnassets */ = {isa = PBXFileReference; lastKnownFileType = wrapper.scnassets; path = art.scnassets; sourceTree = "<group>"; };
		7C6CA1431FFE69B70033F984 /* ViewController.swift */ = {isa = PBXFileReference; lastKnownFileType = sourcecode.swift; path = ViewController.swift; sourceTree = "<group>"; };
		7C6CA1461FFE69B70033F984 /* Base */ = {isa = PBXFileReference; lastKnownFileType = file.storyboard; name = Base; path = Base.lproj/Main.storyboard; sourceTree = "<group>"; };
		7C6CA1481FFE69B70033F984 /* Assets.xcassets */ = {isa = PBXFileReference; lastKnownFileType = folder.assetcatalog; path = Assets.xcassets; sourceTree = "<group>"; };
		7C6CA14B1FFE69B70033F984 /* Base */ = {isa = PBXFileReference; lastKnownFileType = file.storyboard; name = Base; path = Base.lproj/LaunchScreen.storyboard; sourceTree = "<group>"; };
		7C6CA14D1FFE69B70033F984 /* Info.plist */ = {isa = PBXFileReference; lastKnownFileType = text.plist.xml; path = Info.plist; sourceTree = "<group>"; };
/* End PBXFileReference section */

/* Begin PBXFrameworksBuildPhase section */
		7C6CA1391FFE69B70033F984 /* Frameworks */ = {
			isa = PBXFrameworksBuildPhase;
			buildActionMask = 2147483647;
			files = (
			);
			runOnlyForDeploymentPostprocessing = 0;
		};
/* End PBXFrameworksBuildPhase section */

/* Begin PBXGroup section */
		7C6CA1331FFE69B70033F984 = {
			isa = PBXGroup;
			children = (
				7C6CA13E1FFE69B70033F984 /* MoveBoxUpWithJosh */,
				7C6CA13D1FFE69B70033F984 /* Products */,
			);
			sourceTree = "<group>";
		};
		7C6CA13D1FFE69B70033F984 /* Products */ = {
			isa = PBXGroup;
			children = (
				7C6CA13C1FFE69B70033F984 /* MoveBoxUpWithJosh.app */,
			);
			name = Products;
			sourceTree = "<group>";
		};
		7C6CA13E1FFE69B70033F984 /* MoveBoxUpWithJosh */ = {
			isa = PBXGroup;
			children = (
				7C6CA13F1FFE69B70033F984 /* AppDelegate.swift */,
				7C6CA1411FFE69B70033F984 /* art.scnassets */,
				7C6CA1431FFE69B70033F984 /* ViewController.swift */,
				7C6CA1451FFE69B70033F984 /* Main.storyboard */,
				7C6CA1481FFE69B70033F984 /* Assets.xcassets */,
				7C6CA14A1FFE69B70033F984 /* LaunchScreen.storyboard */,
				7C6CA14D1FFE69B70033F984 /* Info.plist */,
			);
			path = MoveBoxUpWithJosh;
			sourceTree = "<group>";
		};
/* End PBXGroup section */

/* Begin PBXNativeTarget section */
		7C6CA13B1FFE69B70033F984 /* MoveBoxUpWithJosh */ = {
			isa = PBXNativeTarget;
			buildConfigurationList = 7C6CA1501FFE69B70033F984 /* Build configuration list for PBXNativeTarget "MoveBoxUpWithJosh" */;
			buildPhases = (
				7C6CA1381FFE69B70033F984 /* Sources */,
				7C6CA1391FFE69B70033F984 /* Frameworks */,
				7C6CA13A1FFE69B70033F984 /* Resources */,
			);
			buildRules = (
			);
			dependencies = (
			);
			name = MoveBoxUpWithJosh;
			productName = MoveBoxUpWithJosh;
			productReference = 7C6CA13C1FFE69B70033F984 /* MoveBoxUpWithJosh.app */;
			productType = "com.apple.product-type.application";
		};
/* End PBXNativeTarget section */

/* Begin PBXProject section */
		7C6CA1341FFE69B70033F984 /* Project object */ = {
			isa = PBXProject;
			attributes = {
				LastSwiftUpdateCheck = 0920;
				LastUpgradeCheck = 0920;
				ORGANIZATIONNAME = "Jacob Dobson";
				TargetAttributes = {
					7C6CA13B1FFE69B70033F984 = {
						CreatedOnToolsVersion = 9.2;
						ProvisioningStyle = Automatic;
					};
				};
			};
			buildConfigurationList = 7C6CA1371FFE69B70033F984 /* Build configuration list for PBXProject "MoveBoxUpWithJosh" */;
			compatibilityVersion = "Xcode 8.0";
			developmentRegion = en;
			hasScannedForEncodings = 0;
			knownRegions = (
				en,
				Base,
			);
			mainGroup = 7C6CA1331FFE69B70033F984;
			productRefGroup = 7C6CA13D1FFE69B70033F984 /* Products */;
			projectDirPath = "";
			projectRoot = "";
			targets = (
				7C6CA13B1FFE69B70033F984 /* MoveBoxUpWithJosh */,
			);
		};
/* End PBXProject section */

/* Begin PBXResourcesBuildPhase section */
		7C6CA13A1FFE69B70033F984 /* Resources */ = {
			isa = PBXResourcesBuildPhase;
			buildActionMask = 2147483647;
			files = (
				7C6CA1421FFE69B70033F984 /* art.scnassets in Resources */,
				7C6CA14C1FFE69B70033F984 /* LaunchScreen.storyboard in Resources */,
				7C6CA1491FFE69B70033F984 /* Assets.xcassets in Resources */,
				7C6CA1471FFE69B70033F984 /* Main.storyboard in Resources */,
			);
			runOnlyForDeploymentPostprocessing = 0;
		};
/* End PBXResourcesBuildPhase section */

/* Begin PBXSourcesBuildPhase section */
		7C6CA1381FFE69B70033F984 /* Sources */ = {
			isa = PBXSourcesBuildPhase;
			buildActionMask = 2147483647;
			files = (
				7C6CA1441FFE69B70033F984 /* ViewController.swift in Sources */,
				7C6CA1401FFE69B70033F984 /* AppDelegate.swift in Sources */,
			);
			runOnlyForDeploymentPostprocessing = 0;
		};
/* End PBXSourcesBuildPhase section */

/* Begin PBXVariantGroup section */
		7C6CA1451FFE69B70033F984 /* Main.storyboard */ = {
			isa = PBXVariantGroup;
			children = (
				7C6CA1461FFE69B70033F984 /* Base */,
			);
			name = Main.storyboard;
			sourceTree = "<group>";
		};
		7C6CA14A1FFE69B70033F984 /* LaunchScreen.storyboard */ = {
			isa = PBXVariantGroup;
			children = (
				7C6CA14B1FFE69B70033F984 /* Base */,
			);
			name = LaunchScreen.storyboard;
			sourceTree = "<group>";
		};
/* End PBXVariantGroup section */

/* Begin XCBuildConfiguration section */
		7C6CA14E1FFE69B70033F984 /* Debug */ = {
			isa = XCBuildConfiguration;
			buildSettings = {
				ALWAYS_SEARCH_USER_PATHS = NO;
				CLANG_ANALYZER_NONNULL = YES;
				CLANG_ANALYZER_NUMBER_OBJECT_CONVERSION = YES_AGGRESSIVE;
				CLANG_CXX_LANGUAGE_STANDARD = "gnu++14";
				CLANG_CXX_LIBRARY = "libc++";
				CLANG_ENABLE_MODULES = YES;
				CLANG_ENABLE_OBJC_ARC = YES;
				CLANG_WARN_BLOCK_CAPTURE_AUTORELEASING = YES;
				CLANG_WARN_BOOL_CONVERSION = YES;
				CLANG_WARN_COMMA = YES;
				CLANG_WARN_CONSTANT_CONVERSION = YES;
				CLANG_WARN_DIRECT_OBJC_ISA_USAGE = YES_ERROR;
				CLANG_WARN_DOCUMENTATION_COMMENTS = YES;
				CLANG_WARN_EMPTY_BODY = YES;
				CLANG_WARN_ENUM_CONVERSION = YES;
				CLANG_WARN_INFINITE_RECURSION = YES;
				CLANG_WARN_INT_CONVERSION = YES;
				CLANG_WARN_NON_LITERAL_NULL_CONVERSION = YES;
				CLANG_WARN_OBJC_LITERAL_CONVERSION = YES;
				CLANG_WARN_OBJC_ROOT_CLASS = YES_ERROR;
				CLANG_WARN_RANGE_LOOP_ANALYSIS = YES;
				CLANG_WARN_STRICT_PROTOTYPES = YES;
				CLANG_WARN_SUSPICIOUS_MOVE = YES;
				CLANG_WARN_UNGUARDED_AVAILABILITY = YES_AGGRESSIVE;
				CLANG_WARN_UNREACHABLE_CODE = YES;
				CLANG_WARN__DUPLICATE_METHOD_MATCH = YES;
				CODE_SIGN_IDENTITY = "iPhone Developer";
				COPY_PHASE_STRIP = NO;
				DEBUG_INFORMATION_FORMAT = dwarf;
				ENABLE_STRICT_OBJC_MSGSEND = YES;
				ENABLE_TESTABILITY = YES;
				GCC_C_LANGUAGE_STANDARD = gnu11;
				GCC_DYNAMIC_NO_PIC = NO;
				GCC_NO_COMMON_BLOCKS = YES;
				GCC_OPTIMIZATION_LEVEL = 0;
				GCC_PREPROCESSOR_DEFINITIONS = (
					"DEBUG=1",
					"$(inherited)",
				);
				GCC_WARN_64_TO_32_BIT_CONVERSION = YES;
				GCC_WARN_ABOUT_RETURN_TYPE = YES_ERROR;
				GCC_WARN_UNDECLARED_SELECTOR = YES;
				GCC_WARN_UNINITIALIZED_AUTOS = YES_AGGRESSIVE;
				GCC_WARN_UNUSED_FUNCTION = YES;
				GCC_WARN_UNUSED_VARIABLE = YES;
				IPHONEOS_DEPLOYMENT_TARGET = 11.2;
				MTL_ENABLE_DEBUG_INFO = YES;
				ONLY_ACTIVE_ARCH = YES;
				SDKROOT = iphoneos;
				SWIFT_ACTIVE_COMPILATION_CONDITIONS = DEBUG;
				SWIFT_OPTIMIZATION_LEVEL = "-Onone";
			};
			name = Debug;
		};
		7C6CA14F1FFE69B70033F984 /* Release */ = {
			isa = XCBuildConfiguration;
			buildSettings = {
				ALWAYS_SEARCH_USER_PATHS = NO;
				CLANG_ANALYZER_NONNULL = YES;
				CLANG_ANALYZER_NUMBER_OBJECT_CONVERSION = YES_AGGRESSIVE;
				CLANG_CXX_LANGUAGE_STANDARD = "gnu++14";
				CLANG_CXX_LIBRARY = "libc++";
				CLANG_ENABLE_MODULES = YES;
				CLANG_ENABLE_OBJC_ARC = YES;
				CLANG_WARN_BLOCK_CAPTURE_AUTORELEASING = YES;
				CLANG_WARN_BOOL_CONVERSION = YES;
				CLANG_WARN_COMMA = YES;
				CLANG_WARN_CONSTANT_CONVERSION = YES;
				CLANG_WARN_DIRECT_OBJC_ISA_USAGE = YES_ERROR;
				CLANG_WARN_DOCUMENTATION_COMMENTS = YES;
				CLANG_WARN_EMPTY_BODY = YES;
				CLANG_WARN_ENUM_CONVERSION = YES;
				CLANG_WARN_INFINITE_RECURSION = YES;
				CLANG_WARN_INT_CONVERSION = YES;
				CLANG_WARN_NON_LITERAL_NULL_CONVERSION = YES;
				CLANG_WARN_OBJC_LITERAL_CONVERSION = YES;
				CLANG_WARN_OBJC_ROOT_CLASS = YES_ERROR;
				CLANG_WARN_RANGE_LOOP_ANALYSIS = YES;
				CLANG_WARN_STRICT_PROTOTYPES = YES;
				CLANG_WARN_SUSPICIOUS_MOVE = YES;
				CLANG_WARN_UNGUARDED_AVAILABILITY = YES_AGGRESSIVE;
				CLANG_WARN_UNREACHABLE_CODE = YES;
				CLANG_WARN__DUPLICATE_METHOD_MATCH = YES;
				CODE_SIGN_IDENTITY = "iPhone Developer";
				COPY_PHASE_STRIP = NO;
				DEBUG_INFORMATION_FORMAT = "dwarf-with-dsym";
				ENABLE_NS_ASSERTIONS = NO;
				ENABLE_STRICT_OBJC_MSGSEND = YES;
				GCC_C_LANGUAGE_STANDARD = gnu11;
				GCC_NO_COMMON_BLOCKS = YES;
				GCC_WARN_64_TO_32_BIT_CONVERSION = YES;
				GCC_WARN_ABOUT_RETURN_TYPE = YES_ERROR;
				GCC_WARN_UNDECLARED_SELECTOR = YES;
				GCC_WARN_UNINITIALIZED_AUTOS = YES_AGGRESSIVE;
				GCC_WARN_UNUSED_FUNCTION = YES;
				GCC_WARN_UNUSED_VARIABLE = YES;
				IPHONEOS_DEPLOYMENT_TARGET = 11.2;
				MTL_ENABLE_DEBUG_INFO = NO;
				SDKROOT = iphoneos;
				SWIFT_OPTIMIZATION_LEVEL = "-Owholemodule";
				VALIDATE_PRODUCT = YES;
			};
			name = Release;
		};
		7C6CA1511FFE69B70033F984 /* Debug */ = {
			isa = XCBuildConfiguration;
			buildSettings = {
				ASSETCATALOG_COMPILER_APPICON_NAME = AppIcon;
				CODE_SIGN_STYLE = Automatic;
				DEVELOPMENT_TEAM = HYPCVH7NE6;
				INFOPLIST_FILE = MoveBoxUpWithJosh/Info.plist;
				LD_RUNPATH_SEARCH_PATHS = "$(inherited) @executable_path/Frameworks";
				PRODUCT_BUNDLE_IDENTIFIER = com.JacobDobson.MoveBoxUpWithJosh;
				PRODUCT_NAME = "$(TARGET_NAME)";
				SWIFT_VERSION = 4.0;
				TARGETED_DEVICE_FAMILY = "1,2";
			};
			name = Debug;
		};
		7C6CA1521FFE69B70033F984 /* Release */ = {
			isa = XCBuildConfiguration;
			buildSettings = {
				ASSETCATALOG_COMPILER_APPICON_NAME = AppIcon;
				CODE_SIGN_STYLE = Automatic;
				DEVELOPMENT_TEAM = HYPCVH7NE6;
				INFOPLIST_FILE = MoveBoxUpWithJosh/Info.plist;
				LD_RUNPATH_SEARCH_PATHS = "$(inherited) @executable_path/Frameworks";
				PRODUCT_BUNDLE_IDENTIFIER = com.JacobDobson.MoveBoxUpWithJosh;
				PRODUCT_NAME = "$(TARGET_NAME)";
				SWIFT_VERSION = 4.0;
				TARGETED_DEVICE_FAMILY = "1,2";
			};
			name = Release;
		};
/* End XCBuildConfiguration section */

/* Begin XCConfigurationList section */
		7C6CA1371FFE69B70033F984 /* Build configuration list for PBXProject "MoveBoxUpWithJosh" */ = {
			isa = XCConfigurationList;
			buildConfigurations = (
				7C6CA14E1FFE69B70033F984 /* Debug */,
				7C6CA14F1FFE69B70033F984 /* Release */,
			);
			defaultConfigurationIsVisible = 0;
			defaultConfigurationName = Release;
		};
		7C6CA1501FFE69B70033F984 /* Build configuration list for PBXNativeTarget "MoveBoxUpWithJosh" */ = {
			isa = XCConfigurationList;
			buildConfigurations = (
				7C6CA1511FFE69B70033F984 /* Debug */,
				7C6CA1521FFE69B70033F984 /* Release */,
			);
			defaultConfigurationIsVisible = 0;
			defaultConfigurationName = Release;
		};
/* End XCConfigurationList section */
	};
	rootObject = 7C6CA1341FFE69B70033F984 /* Project object */;
}
