// !$*UTF8*$!
{
	archiveVersion = 1;
	classes = {
	};
	objectVersion = 48;
	objects = {

/* Begin PBXBuildFile section */
		EB29C41A2024C66B00A743B0 /* AppDelegate.swift in Sources */ = {isa = PBXBuildFile; fileRef = EB29C4192024C66B00A743B0 /* AppDelegate.swift */; };
		EB29C41C2024C66B00A743B0 /* ViewController.swift in Sources */ = {isa = PBXBuildFile; fileRef = EB29C41B2024C66B00A743B0 /* ViewController.swift */; };
		EB29C41F2024C66B00A743B0 /* Main.storyboard in Resources */ = {isa = PBXBuildFile; fileRef = EB29C41D2024C66B00A743B0 /* Main.storyboard */; };
		EB29C4212024C66B00A743B0 /* Assets.xcassets in Resources */ = {isa = PBXBuildFile; fileRef = EB29C4202024C66B00A743B0 /* Assets.xcassets */; };
		EB29C4242024C66B00A743B0 /* LaunchScreen.storyboard in Resources */ = {isa = PBXBuildFile; fileRef = EB29C4222024C66B00A743B0 /* LaunchScreen.storyboard */; };
		EB29C42C2024C7C000A743B0 /* PlacesTableViewController.swift in Sources */ = {isa = PBXBuildFile; fileRef = EB29C42B2024C7C000A743B0 /* PlacesTableViewController.swift */; };
/* End PBXBuildFile section */

/* Begin PBXFileReference section */
		EB29C4162024C66B00A743B0 /* coreLocation.app */ = {isa = PBXFileReference; explicitFileType = wrapper.application; includeInIndex = 0; path = coreLocation.app; sourceTree = BUILT_PRODUCTS_DIR; };
		EB29C4192024C66B00A743B0 /* AppDelegate.swift */ = {isa = PBXFileReference; lastKnownFileType = sourcecode.swift; path = AppDelegate.swift; sourceTree = "<group>"; };
		EB29C41B2024C66B00A743B0 /* ViewController.swift */ = {isa = PBXFileReference; lastKnownFileType = sourcecode.swift; path = ViewController.swift; sourceTree = "<group>"; };
		EB29C41E2024C66B00A743B0 /* Base */ = {isa = PBXFileReference; lastKnownFileType = file.storyboard; name = Base; path = Base.lproj/Main.storyboard; sourceTree = "<group>"; };
		EB29C4202024C66B00A743B0 /* Assets.xcassets */ = {isa = PBXFileReference; lastKnownFileType = folder.assetcatalog; path = Assets.xcassets; sourceTree = "<group>"; };
		EB29C4232024C66B00A743B0 /* Base */ = {isa = PBXFileReference; lastKnownFileType = file.storyboard; name = Base; path = Base.lproj/LaunchScreen.storyboard; sourceTree = "<group>"; };
		EB29C4252024C66B00A743B0 /* Info.plist */ = {isa = PBXFileReference; lastKnownFileType = text.plist.xml; path = Info.plist; sourceTree = "<group>"; };
		EB29C42B2024C7C000A743B0 /* PlacesTableViewController.swift */ = {isa = PBXFileReference; lastKnownFileType = sourcecode.swift; path = PlacesTableViewController.swift; sourceTree = "<group>"; };
/* End PBXFileReference section */

/* Begin PBXFrameworksBuildPhase section */
		EB29C4132024C66A00A743B0 /* Frameworks */ = {
			isa = PBXFrameworksBuildPhase;
			buildActionMask = 2147483647;
			files = (
			);
			runOnlyForDeploymentPostprocessing = 0;
		};
/* End PBXFrameworksBuildPhase section */

/* Begin PBXGroup section */
		EB29C40D2024C66A00A743B0 = {
			isa = PBXGroup;
			children = (
				EB29C4182024C66B00A743B0 /* coreLocation */,
				EB29C4172024C66B00A743B0 /* Products */,
			);
			sourceTree = "<group>";
		};
		EB29C4172024C66B00A743B0 /* Products */ = {
			isa = PBXGroup;
			children = (
				EB29C4162024C66B00A743B0 /* coreLocation.app */,
			);
			name = Products;
			sourceTree = "<group>";
		};
		EB29C4182024C66B00A743B0 /* coreLocation */ = {
			isa = PBXGroup;
			children = (
				EB29C4192024C66B00A743B0 /* AppDelegate.swift */,
				EB29C41B2024C66B00A743B0 /* ViewController.swift */,
				EB29C41D2024C66B00A743B0 /* Main.storyboard */,
				EB29C42B2024C7C000A743B0 /* PlacesTableViewController.swift */,
				EB29C4202024C66B00A743B0 /* Assets.xcassets */,
				EB29C4222024C66B00A743B0 /* LaunchScreen.storyboard */,
				EB29C4252024C66B00A743B0 /* Info.plist */,
			);
			path = coreLocation;
			sourceTree = "<group>";
		};
/* End PBXGroup section */

/* Begin PBXNativeTarget section */
		EB29C4152024C66A00A743B0 /* coreLocation */ = {
			isa = PBXNativeTarget;
			buildConfigurationList = EB29C4282024C66B00A743B0 /* Build configuration list for PBXNativeTarget "coreLocation" */;
			buildPhases = (
				EB29C4122024C66A00A743B0 /* Sources */,
				EB29C4132024C66A00A743B0 /* Frameworks */,
				EB29C4142024C66A00A743B0 /* Resources */,
			);
			buildRules = (
			);
			dependencies = (
			);
			name = coreLocation;
			productName = coreLocation;
			productReference = EB29C4162024C66B00A743B0 /* coreLocation.app */;
			productType = "com.apple.product-type.application";
		};
/* End PBXNativeTarget section */

/* Begin PBXProject section */
		EB29C40E2024C66A00A743B0 /* Project object */ = {
			isa = PBXProject;
			attributes = {
				LastSwiftUpdateCheck = 0920;
				LastUpgradeCheck = 0920;
				ORGANIZATIONNAME = "Josh Dobson";
				TargetAttributes = {
					EB29C4152024C66A00A743B0 = {
						CreatedOnToolsVersion = 9.2;
						ProvisioningStyle = Automatic;
					};
				};
			};
			buildConfigurationList = EB29C4112024C66A00A743B0 /* Build configuration list for PBXProject "coreLocation" */;
			compatibilityVersion = "Xcode 8.0";
			developmentRegion = en;
			hasScannedForEncodings = 0;
			knownRegions = (
				en,
				Base,
			);
			mainGroup = EB29C40D2024C66A00A743B0;
			productRefGroup = EB29C4172024C66B00A743B0 /* Products */;
			projectDirPath = "";
			projectRoot = "";
			targets = (
				EB29C4152024C66A00A743B0 /* coreLocation */,
			);
		};
/* End PBXProject section */

/* Begin PBXResourcesBuildPhase section */
		EB29C4142024C66A00A743B0 /* Resources */ = {
			isa = PBXResourcesBuildPhase;
			buildActionMask = 2147483647;
			files = (
				EB29C4242024C66B00A743B0 /* LaunchScreen.storyboard in Resources */,
				EB29C4212024C66B00A743B0 /* Assets.xcassets in Resources */,
				EB29C41F2024C66B00A743B0 /* Main.storyboard in Resources */,
			);
			runOnlyForDeploymentPostprocessing = 0;
		};
/* End PBXResourcesBuildPhase section */

/* Begin PBXSourcesBuildPhase section */
		EB29C4122024C66A00A743B0 /* Sources */ = {
			isa = PBXSourcesBuildPhase;
			buildActionMask = 2147483647;
			files = (
				EB29C41C2024C66B00A743B0 /* ViewController.swift in Sources */,
				EB29C41A2024C66B00A743B0 /* AppDelegate.swift in Sources */,
				EB29C42C2024C7C000A743B0 /* PlacesTableViewController.swift in Sources */,
			);
			runOnlyForDeploymentPostprocessing = 0;
		};
/* End PBXSourcesBuildPhase section */

/* Begin PBXVariantGroup section */
		EB29C41D2024C66B00A743B0 /* Main.storyboard */ = {
			isa = PBXVariantGroup;
			children = (
				EB29C41E2024C66B00A743B0 /* Base */,
			);
			name = Main.storyboard;
			sourceTree = "<group>";
		};
		EB29C4222024C66B00A743B0 /* LaunchScreen.storyboard */ = {
			isa = PBXVariantGroup;
			children = (
				EB29C4232024C66B00A743B0 /* Base */,
			);
			name = LaunchScreen.storyboard;
			sourceTree = "<group>";
		};
/* End PBXVariantGroup section */

/* Begin XCBuildConfiguration section */
		EB29C4262024C66B00A743B0 /* Debug */ = {
			isa = XCBuildConfiguration;
			buildSettings = {
				ALWAYS_SEARCH_USER_PATHS = NO;
				CLANG_ANALYZER_NONNULL = YES;
				CLANG_ANALYZER_NUMBER_OBJECT_CONVERSION = YES_AGGRESSIVE;
				CLANG_CXX_LANGUAGE_STANDARD = "gnu++14";
				CLANG_CXX_LIBRARY = "libc++";
				CLANG_ENABLE_MODULES = YES;
				CLANG_ENABLE_OBJC_ARC = YES;
				CLANG_WARN_BLOCK_CAPTURE_AUTORELEASING = YES;
				CLANG_WARN_BOOL_CONVERSION = YES;
				CLANG_WARN_COMMA = YES;
				CLANG_WARN_CONSTANT_CONVERSION = YES;
				CLANG_WARN_DIRECT_OBJC_ISA_USAGE = YES_ERROR;
				CLANG_WARN_DOCUMENTATION_COMMENTS = YES;
				CLANG_WARN_EMPTY_BODY = YES;
				CLANG_WARN_ENUM_CONVERSION = YES;
				CLANG_WARN_INFINITE_RECURSION = YES;
				CLANG_WARN_INT_CONVERSION = YES;
				CLANG_WARN_NON_LITERAL_NULL_CONVERSION = YES;
				CLANG_WARN_OBJC_LITERAL_CONVERSION = YES;
				CLANG_WARN_OBJC_ROOT_CLASS = YES_ERROR;
				CLANG_WARN_RANGE_LOOP_ANALYSIS = YES;
				CLANG_WARN_STRICT_PROTOTYPES = YES;
				CLANG_WARN_SUSPICIOUS_MOVE = YES;
				CLANG_WARN_UNGUARDED_AVAILABILITY = YES_AGGRESSIVE;
				CLANG_WARN_UNREACHABLE_CODE = YES;
				CLANG_WARN__DUPLICATE_METHOD_MATCH = YES;
				CODE_SIGN_IDENTITY = "iPhone Developer";
				COPY_PHASE_STRIP = NO;
				DEBUG_INFORMATION_FORMAT = dwarf;
				ENABLE_STRICT_OBJC_MSGSEND = YES;
				ENABLE_TESTABILITY = YES;
				GCC_C_LANGUAGE_STANDARD = gnu11;
				GCC_DYNAMIC_NO_PIC = NO;
				GCC_NO_COMMON_BLOCKS = YES;
				GCC_OPTIMIZATION_LEVEL = 0;
				GCC_PREPROCESSOR_DEFINITIONS = (
					"DEBUG=1",
					"$(inherited)",
				);
				GCC_WARN_64_TO_32_BIT_CONVERSION = YES;
				GCC_WARN_ABOUT_RETURN_TYPE = YES_ERROR;
				GCC_WARN_UNDECLARED_SELECTOR = YES;
				GCC_WARN_UNINITIALIZED_AUTOS = YES_AGGRESSIVE;
				GCC_WARN_UNUSED_FUNCTION = YES;
				GCC_WARN_UNUSED_VARIABLE = YES;
				IPHONEOS_DEPLOYMENT_TARGET = 11.2;
				MTL_ENABLE_DEBUG_INFO = YES;
				ONLY_ACTIVE_ARCH = YES;
				SDKROOT = iphoneos;
				SWIFT_ACTIVE_COMPILATION_CONDITIONS = DEBUG;
				SWIFT_OPTIMIZATION_LEVEL = "-Onone";
			};
			name = Debug;
		};
		EB29C4272024C66B00A743B0 /* Release */ = {
			isa = XCBuildConfiguration;
			buildSettings = {
				ALWAYS_SEARCH_USER_PATHS = NO;
				CLANG_ANALYZER_NONNULL = YES;
				CLANG_ANALYZER_NUMBER_OBJECT_CONVERSION = YES_AGGRESSIVE;
				CLANG_CXX_LANGUAGE_STANDARD = "gnu++14";
				CLANG_CXX_LIBRARY = "libc++";
				CLANG_ENABLE_MODULES = YES;
				CLANG_ENABLE_OBJC_ARC = YES;
				CLANG_WARN_BLOCK_CAPTURE_AUTORELEASING = YES;
				CLANG_WARN_BOOL_CONVERSION = YES;
				CLANG_WARN_COMMA = YES;
				CLANG_WARN_CONSTANT_CONVERSION = YES;
				CLANG_WARN_DIRECT_OBJC_ISA_USAGE = YES_ERROR;
				CLANG_WARN_DOCUMENTATION_COMMENTS = YES;
				CLANG_WARN_EMPTY_BODY = YES;
				CLANG_WARN_ENUM_CONVERSION = YES;
				CLANG_WARN_INFINITE_RECURSION = YES;
				CLANG_WARN_INT_CONVERSION = YES;
				CLANG_WARN_NON_LITERAL_NULL_CONVERSION = YES;
				CLANG_WARN_OBJC_LITERAL_CONVERSION = YES;
				CLANG_WARN_OBJC_ROOT_CLASS = YES_ERROR;
				CLANG_WARN_RANGE_LOOP_ANALYSIS = YES;
				CLANG_WARN_STRICT_PROTOTYPES = YES;
				CLANG_WARN_SUSPICIOUS_MOVE = YES;
				CLANG_WARN_UNGUARDED_AVAILABILITY = YES_AGGRESSIVE;
				CLANG_WARN_UNREACHABLE_CODE = YES;
				CLANG_WARN__DUPLICATE_METHOD_MATCH = YES;
				CODE_SIGN_IDENTITY = "iPhone Developer";
				COPY_PHASE_STRIP = NO;
				DEBUG_INFORMATION_FORMAT = "dwarf-with-dsym";
				ENABLE_NS_ASSERTIONS = NO;
				ENABLE_STRICT_OBJC_MSGSEND = YES;
				GCC_C_LANGUAGE_STANDARD = gnu11;
				GCC_NO_COMMON_BLOCKS = YES;
				GCC_WARN_64_TO_32_BIT_CONVERSION = YES;
				GCC_WARN_ABOUT_RETURN_TYPE = YES_ERROR;
				GCC_WARN_UNDECLARED_SELECTOR = YES;
				GCC_WARN_UNINITIALIZED_AUTOS = YES_AGGRESSIVE;
				GCC_WARN_UNUSED_FUNCTION = YES;
				GCC_WARN_UNUSED_VARIABLE = YES;
				IPHONEOS_DEPLOYMENT_TARGET = 11.2;
				MTL_ENABLE_DEBUG_INFO = NO;
				SDKROOT = iphoneos;
				SWIFT_OPTIMIZATION_LEVEL = "-Owholemodule";
				VALIDATE_PRODUCT = YES;
			};
			name = Release;
		};
		EB29C4292024C66B00A743B0 /* Debug */ = {
			isa = XCBuildConfiguration;
			buildSettings = {
				ASSETCATALOG_COMPILER_APPICON_NAME = AppIcon;
				CODE_SIGN_STYLE = Automatic;
				DEVELOPMENT_TEAM = LJ2K39UTN6;
				INFOPLIST_FILE = coreLocation/Info.plist;
				LD_RUNPATH_SEARCH_PATHS = "$(inherited) @executable_path/Frameworks";
				PRODUCT_BUNDLE_IDENTIFIER = com.joshuarule.coreLocation;
				PRODUCT_NAME = "$(TARGET_NAME)";
				SWIFT_VERSION = 4.0;
				TARGETED_DEVICE_FAMILY = "1,2";
			};
			name = Debug;
		};
		EB29C42A2024C66B00A743B0 /* Release */ = {
			isa = XCBuildConfiguration;
			buildSettings = {
				ASSETCATALOG_COMPILER_APPICON_NAME = AppIcon;
				CODE_SIGN_STYLE = Automatic;
				DEVELOPMENT_TEAM = LJ2K39UTN6;
				INFOPLIST_FILE = coreLocation/Info.plist;
				LD_RUNPATH_SEARCH_PATHS = "$(inherited) @executable_path/Frameworks";
				PRODUCT_BUNDLE_IDENTIFIER = com.joshuarule.coreLocation;
				PRODUCT_NAME = "$(TARGET_NAME)";
				SWIFT_VERSION = 4.0;
				TARGETED_DEVICE_FAMILY = "1,2";
			};
			name = Release;
		};
/* End XCBuildConfiguration section */

/* Begin XCConfigurationList section */
		EB29C4112024C66A00A743B0 /* Build configuration list for PBXProject "coreLocation" */ = {
			isa = XCConfigurationList;
			buildConfigurations = (
				EB29C4262024C66B00A743B0 /* Debug */,
				EB29C4272024C66B00A743B0 /* Release */,
			);
			defaultConfigurationIsVisible = 0;
			defaultConfigurationName = Release;
		};
		EB29C4282024C66B00A743B0 /* Build configuration list for PBXNativeTarget "coreLocation" */ = {
			isa = XCConfigurationList;
			buildConfigurations = (
				EB29C4292024C66B00A743B0 /* Debug */,
				EB29C42A2024C66B00A743B0 /* Release */,
			);
			defaultConfigurationIsVisible = 0;
			defaultConfigurationName = Release;
		};
/* End XCConfigurationList section */
	};
	rootObject = EB29C40E2024C66A00A743B0 /* Project object */;
}
